<Solution>
  <Project Path="PowitanieApp/PowitanieApp.csproj">
    <Deploy Solution="Debug|*" />
  </Project>
  <Project Path="tem10zad3/tem10zad3.csproj" Id="35b84a1d-cbb0-437e-a179-732e44058abe">
    <Deploy Solution="Debug|*" />
  </Project>
  <Project Path="tem11zad2i3/tem11zad2i3.csproj" Id="81c10098-6ace-4210-bf7d-d63ac29f6a29">
    <Deploy Solution="Debug|*" />
  </Project>
  <Project Path="tem12zad2i3/tem12zad2i3.csproj" Id="0e8b3e88-0a93-49e4-8279-055bb962f0b3">
    <Deploy Solution="Debug|*" />
  </Project>
  <Project Path="tem13zad2i3/tem13zad2i3.csproj" Id="da4b1ef8-30ea-4e74-98a2-f6a7dbd4c4c8">
    <Deploy Solution="Debug|*" />
  </Project>
  <Project Path="tem14zad3/tem14zad3.csproj" Id="3ba7dd2a-9293-4442-b46d-95e1da55762a">
    <Deploy Solution="Debug|*" />
  </Project>
  <Project Path="tem15zad3/tem15zad3.csproj" Id="45e66d6e-e8af-4d4c-97c9-bc290f5fef9e" />
  <Project Path="tem2zad2i3/tem2zad2i3.csproj">
    <Deploy Solution="Debug|*" />
  </Project>
  <Project Path="tem3zad3/tem3zad3.csproj">
    <Deploy Solution="Debug|*" />
  </Project>
  <Project Path="tem4zad2i3/tem4zad2i3.csproj" Id="ff208323-7b0a-4708-86b8-fabb11fdbadb">
    <Deploy Solution="Debug|*" />
  </Project>
  <Project Path="Tem5zad3/Tem5zad3.csproj" Id="889fc0ac-cbae-4b3c-bfbe-cfefed0363aa">
    <Deploy Solution="Debug|*" />
  </Project>
  <Project Path="tem6zad3/tem6zad3.csproj" Id="7b0da937-2e98-49bd-96ce-ba5b4f427f75">
    <Deploy Solution="Debug|*" />
  </Project>
  <Project Path="tem7zad3/tem7zad3.csproj" Id="9962dd6d-10f4-418a-b881-ffdaaf906b27">
    <Deploy Solution="Debug|*" />
  </Project>
  <Project Path="tem8zad3/tem8zad3.csproj" Id="c4cb3722-c6bf-4ddd-9b08-df985d866603">
    <Deploy Solution="Debug|*" />
  </Project>
  <Project Path="tem9zad2i3/tem9zad2i3.csproj" Id="b72fe4a8-37a4-4f17-b4b4-2db0c41a30b5">
    <Deploy Solution="Debug|*" />
  </Project>
</Solution>
