<Solution>
  <Project Path="PowitanieApp/PowitanieApp.csproj">
    <Deploy Solution="Debug|*" />
  </Project>
  <Project Path="tem2zad2i3/tem2zad2i3.csproj">
    <Deploy Solution="Debug|*" />
  </Project>
  <Project Path="tem3zad3/tem3zad3.csproj">
    <Deploy Solution="Debug|*" />
  </Project>
</Solution>
